
Microsoft Visual Studio Solution File, Format Version 12.00
# Visual Studio Version 17
VisualStudioVersion = 17.1.32210.238
MinimumVisualStudioVersion = 10.0.40219.1
Project("{FAE04EC0-301F-11D3-BF4B-00C04F79EFBC}") = "TodoApi", "TodoApi\TodoApi.csproj", "{3C69AF2B-3D68-45EC-B168-B5919E55D409}"
EndProject
Global
	GlobalSection(SolutionConfigurationPlatforms) = preSolution
		Debug|Any CPU = Debug|Any CPU
		Release|Any CPU = Release|Any CPU
	EndGlobalSection
	GlobalSection(ProjectConfigurationPlatforms) = postSolution
		{3C69AF2B-3D68-45EC-B168-B5919E55D409}.Debug|Any CPU.ActiveCfg = Debug|Any CPU
		{3C69AF2B-3D68-45EC-B168-B5919E55D409}.Debug|Any CPU.Build.0 = Debug|Any CPU
		{3C69AF2B-3D68-45EC-B168-B5919E55D409}.Release|Any CPU.ActiveCfg = Release|Any CPU
		{3C69AF2B-3D68-45EC-B168-B5919E55D409}.Release|Any CPU.Build.0 = Release|Any CPU
	EndGlobalSection
	GlobalSection(SolutionProperties) = preSolution
		HideSolutionNode = FALSE
	EndGlobalSection
	GlobalSection(ExtensibilityGlobals) = postSolution
		SolutionGuid = {A2D2A727-29FC-4A3A-9B34-80D801CDD047}
	EndGlobalSection
EndGlobal
